{
  "dependencies": {
    "kaaj": {
      "name": "kaaj",
      "spec": {
        "url": "https://github.com/databasedav/haalka",
        "ref": {
          "Commit": "5e06f448c3515fa0dc1cb9ad66fcc0192756fdaf"
        },
        "path": "kaaj"
      }
    }
  },
  "packages": {
    "kaaj": {
      "precise": {
        "Git": {
          "url": "https://github.com/databasedav/haalka",
          "id": "345fdc7a5a615873d664a7acbd29b2ae9c7e5af7",
          "path": "kaaj"
        }
      },
      "dependencies": {}
    }
  }
}